// !$*UTF8*$!
{
	archiveVersion = 1;
	classes = {
	};
	objectVersion = 77;
	objects = {

/* Begin PBXBuildFile section */
		8767C27E2F6B510100C4418C /* CMarkGFM in Frameworks */ = {isa = PBXBuildFile; productRef = B10000E1 /* CMarkGFM */; };
		87DE38EE2F6B40AD00A708CA /* CMarkGFM in Frameworks */ = {isa = PBXBuildFile; productRef = 87DE38ED2F6B40AD00A708CA /* CMarkGFM */; };
		B1000021 /* mods QuickLook Extension.appex in Embed Foundation Extensions */ = {isa = PBXBuildFile; fileRef = B1000002 /* mods QuickLook Extension.appex */; settings = {ATTRIBUTES = (RemoveHeadersOnCopy, ); }; };
/* End PBXBuildFile section */

/* Begin PBXContainerItemProxy section */
		B1000001 /* PBXContainerItemProxy */ = {
			isa = PBXContainerItemProxy;
			containerPortal = A1000000 /* Project object */;
			proxyType = 1;
			remoteGlobalIDString = B1000010;
			remoteInfo = "mods QuickLook Extension";
		};
/* End PBXContainerItemProxy section */

/* Begin PBXCopyFilesBuildPhase section */
		B1000020 /* Embed Foundation Extensions */ = {
			isa = PBXCopyFilesBuildPhase;
			buildActionMask = 2147483647;
			dstPath = "";
			dstSubfolderSpec = 13;
			files = (
				B1000021 /* mods QuickLook Extension.appex in Embed Foundation Extensions */,
			);
			name = "Embed Foundation Extensions";
			runOnlyForDeploymentPostprocessing = 0;
		};
/* End PBXCopyFilesBuildPhase section */

/* Begin PBXFileReference section */
		A1000001 /* Mods.app */ = {isa = PBXFileReference; explicitFileType = wrapper.application; includeInIndex = 0; path = Mods.app; sourceTree = BUILT_PRODUCTS_DIR; };
		B1000002 /* mods QuickLook Extension.appex */ = {isa = PBXFileReference; explicitFileType = "wrapper.app-extension"; includeInIndex = 0; path = "mods QuickLook Extension.appex"; sourceTree = BUILT_PRODUCTS_DIR; };
/* End PBXFileReference section */

/* Begin PBXFileSystemSynchronizedBuildFileExceptionSet section */
		A1000030 /* Exceptions for "mods" folder in "mods" target */ = {
			isa = PBXFileSystemSynchronizedBuildFileExceptionSet;
			membershipExceptions = (
				Info.plist,
			);
			target = A1000010 /* mods */;
		};
		B1000030 /* Exceptions for "mods QuickLook Extension" folder in "mods QuickLook Extension" target */ = {
			isa = PBXFileSystemSynchronizedBuildFileExceptionSet;
			membershipExceptions = (
				Info.plist,
			);
			target = B1000010 /* mods QuickLook Extension */;
		};
/* End PBXFileSystemSynchronizedBuildFileExceptionSet section */

/* Begin PBXFileSystemSynchronizedRootGroup section */
		A1000003 /* mods */ = {
			isa = PBXFileSystemSynchronizedRootGroup;
			exceptions = (
				A1000030 /* Exceptions for "mods" folder in "mods" target */,
			);
			path = mods;
			sourceTree = "<group>";
		};
		B1000003 /* mods QuickLook Extension */ = {
			isa = PBXFileSystemSynchronizedRootGroup;
			exceptions = (
				B1000030 /* Exceptions for "mods QuickLook Extension" folder in "mods QuickLook Extension" target */,
			);
			path = "mods QuickLook Extension";
			sourceTree = "<group>";
		};
/* End PBXFileSystemSynchronizedRootGroup section */

/* Begin PBXFrameworksBuildPhase section */
		A1000020 /* Frameworks */ = {
			isa = PBXFrameworksBuildPhase;
			buildActionMask = 2147483647;
			files = (
				87DE38EE2F6B40AD00A708CA /* CMarkGFM in Frameworks */,
			);
			runOnlyForDeploymentPostprocessing = 0;
		};
		B100001A /* Frameworks */ = {
			isa = PBXFrameworksBuildPhase;
			buildActionMask = 2147483647;
			files = (
				8767C27E2F6B510100C4418C /* CMarkGFM in Frameworks */,
			);
			runOnlyForDeploymentPostprocessing = 0;
		};
/* End PBXFrameworksBuildPhase section */

/* Begin PBXGroup section */
		A1000002 = {
			isa = PBXGroup;
			children = (
				A1000003 /* mods */,
				B1000003 /* mods QuickLook Extension */,
				A100000F /* Products */,
			);
			sourceTree = "<group>";
		};
		A100000F /* Products */ = {
			isa = PBXGroup;
			children = (
				A1000001 /* Mods.app */,
				B1000002 /* mods QuickLook Extension.appex */,
			);
			name = Products;
			sourceTree = "<group>";
		};
/* End PBXGroup section */

/* Begin PBXNativeTarget section */
		A1000010 /* mods */ = {
			isa = PBXNativeTarget;
			buildConfigurationList = A1000025 /* Build configuration list for PBXNativeTarget "mods" */;
			buildPhases = (
				A100001E /* Sources */,
				A1000020 /* Frameworks */,
				A100001F /* Resources */,
				B1000020 /* Embed Foundation Extensions */,
			);
			buildRules = (
			);
			dependencies = (
				B1000022 /* PBXTargetDependency */,
			);
			fileSystemSynchronizedGroups = (
				A1000003 /* mods */,
			);
			name = mods;
			packageProductDependencies = (
				87DE38ED2F6B40AD00A708CA /* CMarkGFM */,
			);
			productName = mods;
			productReference = A1000001 /* Mods.app */;
			productType = "com.apple.product-type.application";
		};
		B1000010 /* mods QuickLook Extension */ = {
			isa = PBXNativeTarget;
			buildConfigurationList = B1000025 /* Build configuration list for PBXNativeTarget "mods QuickLook Extension" */;
			buildPhases = (
				B100001E /* Sources */,
				B100001A /* Frameworks */,
				B100001F /* Resources */,
			);
			buildRules = (
			);
			dependencies = (
			);
			fileSystemSynchronizedGroups = (
				B1000003 /* mods QuickLook Extension */,
			);
			name = "mods QuickLook Extension";
			packageProductDependencies = (
				B10000E1 /* CMarkGFM */,
			);
			productName = "mods QuickLook Extension";
			productReference = B1000002 /* mods QuickLook Extension.appex */;
			productType = "com.apple.product-type.app-extension";
		};
/* End PBXNativeTarget section */

/* Begin PBXProject section */
		A1000000 /* Project object */ = {
			isa = PBXProject;
			attributes = {
				BuildIndependentTargetsInParallel = 1;
				LastSwiftUpdateCheck = 1630;
				LastUpgradeCheck = 1630;
			};
			buildConfigurationList = A1000024 /* Build configuration list for PBXProject "mods" */;
			developmentRegion = en;
			hasScannedForEncodings = 0;
			knownRegions = (
				en,
				Base,
			);
			mainGroup = A1000002;
			minimizedProjectReferenceProxies = 1;
			packageReferences = (
				87DE38EC2F6B40AD00A708CA /* XCRemoteSwiftPackageReference "swift-cmark-gfm" */,
			);
			preferredProjectObjectVersion = 77;
			productRefGroup = A100000F /* Products */;
			projectDirPath = "";
			projectRoot = "";
			targets = (
				A1000010 /* mods */,
				B1000010 /* mods QuickLook Extension */,
			);
		};
/* End PBXProject section */

/* Begin PBXResourcesBuildPhase section */
		A100001F /* Resources */ = {
			isa = PBXResourcesBuildPhase;
			buildActionMask = 2147483647;
			files = (
			);
			runOnlyForDeploymentPostprocessing = 0;
		};
		B100001F /* Resources */ = {
			isa = PBXResourcesBuildPhase;
			buildActionMask = 2147483647;
			files = (
			);
			runOnlyForDeploymentPostprocessing = 0;
		};
/* End PBXResourcesBuildPhase section */

/* Begin PBXSourcesBuildPhase section */
		A100001E /* Sources */ = {
			isa = PBXSourcesBuildPhase;
			buildActionMask = 2147483647;
			files = (
			);
			runOnlyForDeploymentPostprocessing = 0;
		};
		B100001E /* Sources */ = {
			isa = PBXSourcesBuildPhase;
			buildActionMask = 2147483647;
			files = (
			);
			runOnlyForDeploymentPostprocessing = 0;
		};
/* End PBXSourcesBuildPhase section */

/* Begin PBXTargetDependency section */
		B1000022 /* PBXTargetDependency */ = {
			isa = PBXTargetDependency;
			target = B1000010 /* mods QuickLook Extension */;
			targetProxy = B1000001 /* PBXContainerItemProxy */;
		};
/* End PBXTargetDependency section */

/* Begin XCBuildConfiguration section */
		A1000021 /* Debug */ = {
			isa = XCBuildConfiguration;
			buildSettings = {
				ALWAYS_SEARCH_USER_PATHS = NO;
				ASSETCATALOG_COMPILER_GENERATE_SWIFT_ASSET_SYMBOL_EXTENSIONS = YES;
				CLANG_ANALYZER_NONNULL = YES;
				CLANG_ANALYZER_NUMBER_OBJECT_CONVERSION = YES_AGGRESSIVE;
				CLANG_CXX_LANGUAGE_STANDARD = "gnu++20";
				CLANG_ENABLE_MODULES = YES;
				CLANG_ENABLE_OBJC_ARC = YES;
				CLANG_ENABLE_OBJC_WEAK = YES;
				CLANG_WARN_BLOCK_CAPTURE_AUTORELEASING = YES;
				CLANG_WARN_BOOL_CONVERSION = YES;
				CLANG_WARN_COMMA = YES;
				CLANG_WARN_CONSTANT_CONVERSION = YES;
				CLANG_WARN_DEPRECATED_OBJC_IMPLEMENTATIONS = YES;
				CLANG_WARN_DIRECT_OBJC_ISA_USAGE = YES_ERROR;
				CLANG_WARN_DOCUMENTATION_COMMENTS = YES;
				CLANG_WARN_EMPTY_BODY = YES;
				CLANG_WARN_ENUM_CONVERSION = YES;
				CLANG_WARN_INFINITE_RECURSION = YES;
				CLANG_WARN_INT_CONVERSION = YES;
				CLANG_WARN_NON_LITERAL_NULL_CONVERSION = YES;
				CLANG_WARN_OBJC_IMPLICIT_RETAIN_SELF = YES;
				CLANG_WARN_OBJC_LITERAL_CONVERSION = YES;
				CLANG_WARN_OBJC_ROOT_CLASS = YES_ERROR;
				CLANG_WARN_QUOTED_INCLUDE_IN_FRAMEWORK_HEADER = YES;
				CLANG_WARN_RANGE_LOOP_ANALYSIS = YES;
				CLANG_WARN_STRICT_PROTOTYPES = YES;
				CLANG_WARN_SUSPICIOUS_MOVE = YES;
				CLANG_WARN_UNGUARDED_AVAILABILITY = YES_AGGRESSIVE;
				CLANG_WARN_UNREACHABLE_CODE = YES;
				CLANG_WARN__DUPLICATE_METHOD_MATCH = YES;
				COPY_PHASE_STRIP = NO;
				DEBUG_INFORMATION_FORMAT = dwarf;
				ENABLE_STRICT_OBJC_MSGSEND = YES;
				ENABLE_TESTABILITY = YES;
				ENABLE_USER_SCRIPT_SANDBOXING = YES;
				GCC_C_LANGUAGE_STANDARD = gnu17;
				GCC_DYNAMIC_NO_PIC = NO;
				GCC_NO_COMMON_BLOCKS = YES;
				GCC_OPTIMIZATION_LEVEL = 0;
				GCC_PREPROCESSOR_DEFINITIONS = (
					"DEBUG=1",
					"$(inherited)",
				);
				GCC_WARN_64_TO_32_BIT_CONVERSION = YES;
				GCC_WARN_ABOUT_RETURN_TYPE = YES_ERROR;
				GCC_WARN_UNDECLARED_SELECTOR = YES;
				GCC_WARN_UNINITIALIZED_AUTOS = YES_AGGRESSIVE;
				GCC_WARN_UNUSED_FUNCTION = YES;
				GCC_WARN_UNUSED_VARIABLE = YES;
				MACOSX_DEPLOYMENT_TARGET = 26.0;
				MTL_ENABLE_DEBUG_INFO = INCLUDE_SOURCE;
				MTL_FAST_MATH = YES;
				ONLY_ACTIVE_ARCH = YES;
				SDKROOT = macosx;
				SWIFT_ACTIVE_COMPILATION_CONDITIONS = "DEBUG $(inherited)";
				SWIFT_OPTIMIZATION_LEVEL = "-Onone";
			};
			name = Debug;
		};
		A1000022 /* Release */ = {
			isa = XCBuildConfiguration;
			buildSettings = {
				ALWAYS_SEARCH_USER_PATHS = NO;
				ASSETCATALOG_COMPILER_GENERATE_SWIFT_ASSET_SYMBOL_EXTENSIONS = YES;
				CLANG_ANALYZER_NONNULL = YES;
				CLANG_ANALYZER_NUMBER_OBJECT_CONVERSION = YES_AGGRESSIVE;
				CLANG_CXX_LANGUAGE_STANDARD = "gnu++20";
				CLANG_ENABLE_MODULES = YES;
				CLANG_ENABLE_OBJC_ARC = YES;
				CLANG_ENABLE_OBJC_WEAK = YES;
				CLANG_WARN_BLOCK_CAPTURE_AUTORELEASING = YES;
				CLANG_WARN_BOOL_CONVERSION = YES;
				CLANG_WARN_COMMA = YES;
				CLANG_WARN_CONSTANT_CONVERSION = YES;
				CLANG_WARN_DEPRECATED_OBJC_IMPLEMENTATIONS = YES;
				CLANG_WARN_DIRECT_OBJC_ISA_USAGE = YES_ERROR;
				CLANG_WARN_DOCUMENTATION_COMMENTS = YES;
				CLANG_WARN_EMPTY_BODY = YES;
				CLANG_WARN_ENUM_CONVERSION = YES;
				CLANG_WARN_INFINITE_RECURSION = YES;
				CLANG_WARN_INT_CONVERSION = YES;
				CLANG_WARN_NON_LITERAL_NULL_CONVERSION = YES;
				CLANG_WARN_OBJC_IMPLICIT_RETAIN_SELF = YES;
				CLANG_WARN_OBJC_LITERAL_CONVERSION = YES;
				CLANG_WARN_OBJC_ROOT_CLASS = YES_ERROR;
				CLANG_WARN_QUOTED_INCLUDE_IN_FRAMEWORK_HEADER = YES;
				CLANG_WARN_RANGE_LOOP_ANALYSIS = YES;
				CLANG_WARN_STRICT_PROTOTYPES = YES;
				CLANG_WARN_SUSPICIOUS_MOVE = YES;
				CLANG_WARN_UNGUARDED_AVAILABILITY = YES_AGGRESSIVE;
				CLANG_WARN_UNREACHABLE_CODE = YES;
				CLANG_WARN__DUPLICATE_METHOD_MATCH = YES;
				COPY_PHASE_STRIP = NO;
				DEBUG_INFORMATION_FORMAT = "dwarf-with-dsym";
				ENABLE_NS_ASSERTIONS = NO;
				ENABLE_STRICT_OBJC_MSGSEND = YES;
				ENABLE_USER_SCRIPT_SANDBOXING = YES;
				GCC_C_LANGUAGE_STANDARD = gnu17;
				GCC_NO_COMMON_BLOCKS = YES;
				GCC_WARN_64_TO_32_BIT_CONVERSION = YES;
				GCC_WARN_ABOUT_RETURN_TYPE = YES_ERROR;
				GCC_WARN_UNDECLARED_SELECTOR = YES;
				GCC_WARN_UNINITIALIZED_AUTOS = YES_AGGRESSIVE;
				GCC_WARN_UNUSED_FUNCTION = YES;
				GCC_WARN_UNUSED_VARIABLE = YES;
				MACOSX_DEPLOYMENT_TARGET = 26.0;
				MTL_ENABLE_DEBUG_INFO = NO;
				MTL_FAST_MATH = YES;
				SDKROOT = macosx;
				SWIFT_COMPILATION_MODE = wholemodule;
			};
			name = Release;
		};
		A1000023 /* Debug */ = {
			isa = XCBuildConfiguration;
			buildSettings = {
				ASSETCATALOG_COMPILER_APPICON_NAME = AppIcon;
				CODE_SIGN_ENTITLEMENTS = mods/mods.entitlements;
				CODE_SIGN_STYLE = Automatic;
				COMBINE_HIDPI_IMAGES = YES;
				CURRENT_PROJECT_VERSION = 3;
				DEVELOPMENT_TEAM = 7M75V64ZE5;
				ENABLE_HARDENED_RUNTIME = YES;
				GENERATE_INFOPLIST_FILE = YES;
				INFOPLIST_FILE = mods/Info.plist;
				INFOPLIST_KEY_CFBundleDisplayName = Mods;
				INFOPLIST_KEY_LSApplicationCategoryType = "public.app-category.utilities";
				INFOPLIST_KEY_NSHumanReadableCopyright = "Copyright © 2026 Kota Morishita. All rights reserved.";
				LD_RUNPATH_SEARCH_PATHS = (
					"$(inherited)",
					"@executable_path/../Frameworks",
				);
				MARKETING_VERSION = 1.3;
				PRODUCT_BUNDLE_IDENTIFIER = com.kotamorishita.mods;
				PRODUCT_NAME = Mods;
				SWIFT_EMIT_LOC_STRINGS = YES;
				SWIFT_VERSION = 6.0;
			};
			name = Debug;
		};
		A10000231 /* Release */ = {
			isa = XCBuildConfiguration;
			buildSettings = {
				ASSETCATALOG_COMPILER_APPICON_NAME = AppIcon;
				CODE_SIGN_ENTITLEMENTS = mods/mods.entitlements;
				CODE_SIGN_STYLE = Automatic;
				COMBINE_HIDPI_IMAGES = YES;
				CURRENT_PROJECT_VERSION = 3;
				DEVELOPMENT_TEAM = 7M75V64ZE5;
				ENABLE_HARDENED_RUNTIME = YES;
				GENERATE_INFOPLIST_FILE = YES;
				INFOPLIST_FILE = mods/Info.plist;
				INFOPLIST_KEY_CFBundleDisplayName = Mods;
				INFOPLIST_KEY_LSApplicationCategoryType = "public.app-category.utilities";
				INFOPLIST_KEY_NSHumanReadableCopyright = "Copyright © 2026 Kota Morishita. All rights reserved.";
				LD_RUNPATH_SEARCH_PATHS = (
					"$(inherited)",
					"@executable_path/../Frameworks",
				);
				MARKETING_VERSION = 1.3;
				PRODUCT_BUNDLE_IDENTIFIER = com.kotamorishita.mods;
				PRODUCT_NAME = Mods;
				SWIFT_EMIT_LOC_STRINGS = YES;
				SWIFT_VERSION = 6.0;
			};
			name = Release;
		};
		B1000023 /* Debug */ = {
			isa = XCBuildConfiguration;
			buildSettings = {
				CODE_SIGN_ENTITLEMENTS = "mods QuickLook Extension/mods QuickLook Extension.entitlements";
				CODE_SIGN_STYLE = Automatic;
				CURRENT_PROJECT_VERSION = 3;
				DEVELOPMENT_TEAM = 7M75V64ZE5;
				GENERATE_INFOPLIST_FILE = YES;
				INFOPLIST_FILE = "mods QuickLook Extension/Info.plist";
				INFOPLIST_KEY_CFBundleDisplayName = "mods QuickLook Extension";
				INFOPLIST_KEY_NSHumanReadableCopyright = "Copyright © 2026 Kota Morishita. All rights reserved.";
				LD_RUNPATH_SEARCH_PATHS = (
					"$(inherited)",
					"@executable_path/../Frameworks",
					"@executable_path/../../../../Frameworks",
				);
				MARKETING_VERSION = 1.3;
				PRODUCT_BUNDLE_IDENTIFIER = com.kotamorishita.mods.QuickLook;
				PRODUCT_NAME = "$(TARGET_NAME)";
				SKIP_INSTALL = YES;
				SWIFT_EMIT_LOC_STRINGS = YES;
				SWIFT_VERSION = 6.0;
			};
			name = Debug;
		};
		B10000231 /* Release */ = {
			isa = XCBuildConfiguration;
			buildSettings = {
				CODE_SIGN_ENTITLEMENTS = "mods QuickLook Extension/mods QuickLook Extension.entitlements";
				CODE_SIGN_STYLE = Automatic;
				CURRENT_PROJECT_VERSION = 3;
				DEVELOPMENT_TEAM = 7M75V64ZE5;
				GENERATE_INFOPLIST_FILE = YES;
				INFOPLIST_FILE = "mods QuickLook Extension/Info.plist";
				INFOPLIST_KEY_CFBundleDisplayName = "mods QuickLook Extension";
				INFOPLIST_KEY_NSHumanReadableCopyright = "Copyright © 2026 Kota Morishita. All rights reserved.";
				LD_RUNPATH_SEARCH_PATHS = (
					"$(inherited)",
					"@executable_path/../Frameworks",
					"@executable_path/../../../../Frameworks",
				);
				MARKETING_VERSION = 1.3;
				PRODUCT_BUNDLE_IDENTIFIER = com.kotamorishita.mods.QuickLook;
				PRODUCT_NAME = "$(TARGET_NAME)";
				SKIP_INSTALL = YES;
				SWIFT_EMIT_LOC_STRINGS = YES;
				SWIFT_VERSION = 6.0;
			};
			name = Release;
		};
/* End XCBuildConfiguration section */

/* Begin XCConfigurationList section */
		A1000024 /* Build configuration list for PBXProject "mods" */ = {
			isa = XCConfigurationList;
			buildConfigurations = (
				A1000021 /* Debug */,
				A1000022 /* Release */,
			);
			defaultConfigurationIsVisible = 0;
			defaultConfigurationName = Release;
		};
		A1000025 /* Build configuration list for PBXNativeTarget "mods" */ = {
			isa = XCConfigurationList;
			buildConfigurations = (
				A1000023 /* Debug */,
				A10000231 /* Release */,
			);
			defaultConfigurationIsVisible = 0;
			defaultConfigurationName = Release;
		};
		B1000025 /* Build configuration list for PBXNativeTarget "mods QuickLook Extension" */ = {
			isa = XCConfigurationList;
			buildConfigurations = (
				B1000023 /* Debug */,
				B10000231 /* Release */,
			);
			defaultConfigurationIsVisible = 0;
			defaultConfigurationName = Release;
		};
/* End XCConfigurationList section */

/* Begin XCRemoteSwiftPackageReference section */
		87DE38EC2F6B40AD00A708CA /* XCRemoteSwiftPackageReference "swift-cmark-gfm" */ = {
			isa = XCRemoteSwiftPackageReference;
			repositoryURL = "https://github.com/stackotter/swift-cmark-gfm";
			requirement = {
				branch = main;
				kind = branch;
			};
		};
/* End XCRemoteSwiftPackageReference section */

/* Begin XCSwiftPackageProductDependency section */
		87DE38ED2F6B40AD00A708CA /* CMarkGFM */ = {
			isa = XCSwiftPackageProductDependency;
			package = 87DE38EC2F6B40AD00A708CA /* XCRemoteSwiftPackageReference "swift-cmark-gfm" */;
			productName = CMarkGFM;
		};
		B10000E1 /* CMarkGFM */ = {
			isa = XCSwiftPackageProductDependency;
			package = 87DE38EC2F6B40AD00A708CA /* XCRemoteSwiftPackageReference "swift-cmark-gfm" */;
			productName = CMarkGFM;
		};
/* End XCSwiftPackageProductDependency section */
	};
	rootObject = A1000000 /* Project object */;
}
